<?xml version="1.0" encoding="UTF-8" standalone="yes" ?>
<CodeBlocks_project_file>
	<FileVersion major="1" minor="6" />
	<Project>
		<Option title="FirstTry" />
		<Option pch_mode="2" />
		<Option compiler="gcc" />
		<Build>
			<Target title="Debug">
				<Option output="bin/Debug/FirstTry" prefix_auto="1" extension_auto="1" />
				<Option object_output="obj/Debug/" />
				<Option type="1" />
				<Option compiler="gcc" />
				<Compiler>
					<Add option="-g" />
				</Compiler>
			</Target>
			<Target title="Release">
				<Option output="bin/Release/FirstTry" prefix_auto="1" extension_auto="1" />
				<Option object_output="obj/Release/" />
				<Option type="1" />
				<Option compiler="gcc" />
				<Compiler>
					<Add option="-O2" />
				</Compiler>
				<Linker>
					<Add option="-s" />
				</Linker>
			</Target>
		</Build>
		<Compiler>
			<Add option="-Wall" />
			<Add directory="/home/voldern/kode/c++/frontend2/frontend2/include" />
			<Add directory="/home/voldern/kode/c++/frontend2/frontend2utils/include" />
			<Add directory="/home/voldern/kode/c++/frontend2/openfrontend/include" />
		</Compiler>
		<Linker>
			<Add option="-lfrontend2utils_fwg -lfrontend2_fwg -lfrontend2graphics_cg_fwg -lfrontend2input_fwg -lfrontend2io_fwg -lfrontend2math_fwg -lfrontend2sound_portaudio_fwg -lGL -lGLU -lXrandr -lXrender -lX11 -ljpeg -lpng -lfreetype -lCg -lCgGL -lpthread -lportaudio -logg -lvorbis -lvorbisfile" />
			<Add directory="/home/voldern/kode/c++/frontend2/openfrontend/lib" />
			<Add directory="/home/voldern/kode/c++/frontend2/frontend2utils/lib" />
		</Linker>
		<Unit filename="main.cpp" />
		<Extensions>
			<code_completion>
				<search_path add="/home/voldern/kode/c++/frontend2/frontend2/include" />
				<search_path add="/home/voldern/kode/c++/frontend2/frontend2utils/include" />
			</code_completion>
			<envvars />
			<debugger />
			<lib_finder disable_auto="1" />
		</Extensions>
	</Project>
</CodeBlocks_project_file>
